
Microsoft Visual Studio Solution File, Format Version 12.00
# Visual Studio Version 17
VisualStudioVersion = 17.2.32616.157
MinimumVisualStudioVersion = 10.0.40219.1
Project("{FAE04EC0-301F-11D3-BF4B-00C04F79EFBC}") = "WalletAPI", "WalletAPI\WalletAPI.csproj", "{53B4C271-2D7A-44B8-83F5-4E950BA95A96}"
EndProject
Global
	GlobalSection(SolutionConfigurationPlatforms) = preSolution
		Debug|Any CPU = Debug|Any CPU
		Release|Any CPU = Release|Any CPU
	EndGlobalSection
	GlobalSection(ProjectConfigurationPlatforms) = postSolution
		{53B4C271-2D7A-44B8-83F5-4E950BA95A96}.Debug|Any CPU.ActiveCfg = Debug|Any CPU
		{53B4C271-2D7A-44B8-83F5-4E950BA95A96}.Debug|Any CPU.Build.0 = Debug|Any CPU
		{53B4C271-2D7A-44B8-83F5-4E950BA95A96}.Release|Any CPU.ActiveCfg = Release|Any CPU
		{53B4C271-2D7A-44B8-83F5-4E950BA95A96}.Release|Any CPU.Build.0 = Release|Any CPU
	EndGlobalSection
	GlobalSection(SolutionProperties) = preSolution
		HideSolutionNode = FALSE
	EndGlobalSection
	GlobalSection(ExtensibilityGlobals) = postSolution
		SolutionGuid = {F07094D5-1838-4563-BB02-04EFE5E660C6}
	EndGlobalSection
EndGlobal
